// !$*UTF8*$!
{
	archiveVersion = 1;
	classes = {
	};
	objectVersion = 50;
	objects = {

/* Begin PBXBuildFile section */
		9ED34E3421845E7100816D76 /* AppDelegate.swift in Sources */ = {isa = PBXBuildFile; fileRef = 9ED34E3321845E7100816D76 /* AppDelegate.swift */; };
		9ED34E3621845E7100816D76 /* ViewController.swift in Sources */ = {isa = PBXBuildFile; fileRef = 9ED34E3521845E7100816D76 /* ViewController.swift */; };
		9ED34E3921845E7100816D76 /* Main.storyboard in Resources */ = {isa = PBXBuildFile; fileRef = 9ED34E3721845E7100816D76 /* Main.storyboard */; };
		9ED34E3B21845E7200816D76 /* Assets.xcassets in Resources */ = {isa = PBXBuildFile; fileRef = 9ED34E3A21845E7200816D76 /* Assets.xcassets */; };
		9ED34E3E21845E7200816D76 /* LaunchScreen.storyboard in Resources */ = {isa = PBXBuildFile; fileRef = 9ED34E3C21845E7200816D76 /* LaunchScreen.storyboard */; };
		9ED34E4921845E7200816D76 /* DemoTests.swift in Sources */ = {isa = PBXBuildFile; fileRef = 9ED34E4821845E7200816D76 /* DemoTests.swift */; };
		9ED34E5421845E7200816D76 /* DemoUITests.swift in Sources */ = {isa = PBXBuildFile; fileRef = 9ED34E5321845E7200816D76 /* DemoUITests.swift */; };
		F37A8534226C2BE095CCE702 /* Pods_Demo.framework in Frameworks */ = {isa = PBXBuildFile; fileRef = 1C3C1FC0FDD74F603A3E88FE /* Pods_Demo.framework */; };
/* End PBXBuildFile section */

/* Begin PBXContainerItemProxy section */
		9ED34E4521845E7200816D76 /* PBXContainerItemProxy */ = {
			isa = PBXContainerItemProxy;
			containerPortal = 9ED34E2821845E7100816D76 /* Project object */;
			proxyType = 1;
			remoteGlobalIDString = 9ED34E2F21845E7100816D76;
			remoteInfo = Demo;
		};
		9ED34E5021845E7200816D76 /* PBXContainerItemProxy */ = {
			isa = PBXContainerItemProxy;
			containerPortal = 9ED34E2821845E7100816D76 /* Project object */;
			proxyType = 1;
			remoteGlobalIDString = 9ED34E2F21845E7100816D76;
			remoteInfo = Demo;
		};
/* End PBXContainerItemProxy section */

/* Begin PBXFileReference section */
		1C3C1FC0FDD74F603A3E88FE /* Pods_Demo.framework */ = {isa = PBXFileReference; explicitFileType = wrapper.framework; includeInIndex = 0; path = Pods_Demo.framework; sourceTree = BUILT_PRODUCTS_DIR; };
		9ED34E3021845E7100816D76 /* Demo.app */ = {isa = PBXFileReference; explicitFileType = wrapper.application; includeInIndex = 0; path = Demo.app; sourceTree = BUILT_PRODUCTS_DIR; };
		9ED34E3321845E7100816D76 /* AppDelegate.swift */ = {isa = PBXFileReference; lastKnownFileType = sourcecode.swift; path = AppDelegate.swift; sourceTree = "<group>"; };
		9ED34E3521845E7100816D76 /* ViewController.swift */ = {isa = PBXFileReference; lastKnownFileType = sourcecode.swift; path = ViewController.swift; sourceTree = "<group>"; };
		9ED34E3821845E7100816D76 /* Base */ = {isa = PBXFileReference; lastKnownFileType = file.storyboard; name = Base; path = Base.lproj/Main.storyboard; sourceTree = "<group>"; };
		9ED34E3A21845E7200816D76 /* Assets.xcassets */ = {isa = PBXFileReference; lastKnownFileType = folder.assetcatalog; path = Assets.xcassets; sourceTree = "<group>"; };
		9ED34E3D21845E7200816D76 /* Base */ = {isa = PBXFileReference; lastKnownFileType = file.storyboard; name = Base; path = Base.lproj/LaunchScreen.storyboard; sourceTree = "<group>"; };
		9ED34E3F21845E7200816D76 /* Info.plist */ = {isa = PBXFileReference; lastKnownFileType = text.plist.xml; path = Info.plist; sourceTree = "<group>"; };
		9ED34E4421845E7200816D76 /* DemoTests.xctest */ = {isa = PBXFileReference; explicitFileType = wrapper.cfbundle; includeInIndex = 0; path = DemoTests.xctest; sourceTree = BUILT_PRODUCTS_DIR; };
		9ED34E4821845E7200816D76 /* DemoTests.swift */ = {isa = PBXFileReference; lastKnownFileType = sourcecode.swift; path = DemoTests.swift; sourceTree = "<group>"; };
		9ED34E4A21845E7200816D76 /* Info.plist */ = {isa = PBXFileReference; lastKnownFileType = text.plist.xml; path = Info.plist; sourceTree = "<group>"; };
		9ED34E4F21845E7200816D76 /* DemoUITests.xctest */ = {isa = PBXFileReference; explicitFileType = wrapper.cfbundle; includeInIndex = 0; path = DemoUITests.xctest; sourceTree = BUILT_PRODUCTS_DIR; };
		9ED34E5321845E7200816D76 /* DemoUITests.swift */ = {isa = PBXFileReference; lastKnownFileType = sourcecode.swift; path = DemoUITests.swift; sourceTree = "<group>"; };
		9ED34E5521845E7200816D76 /* Info.plist */ = {isa = PBXFileReference; lastKnownFileType = text.plist.xml; path = Info.plist; sourceTree = "<group>"; };
		9EDDAAC24C090C38B0C276D3 /* Pods-Demo.debug.xcconfig */ = {isa = PBXFileReference; includeInIndex = 1; lastKnownFileType = text.xcconfig; name = "Pods-Demo.debug.xcconfig"; path = "Pods/Target Support Files/Pods-Demo/Pods-Demo.debug.xcconfig"; sourceTree = "<group>"; };
		D4FF109D8ACA1E876AB33BC8 /* Pods-Demo.release.xcconfig */ = {isa = PBXFileReference; includeInIndex = 1; lastKnownFileType = text.xcconfig; name = "Pods-Demo.release.xcconfig"; path = "Pods/Target Support Files/Pods-Demo/Pods-Demo.release.xcconfig"; sourceTree = "<group>"; };
/* End PBXFileReference section */

/* Begin PBXFrameworksBuildPhase section */
		9ED34E2D21845E7100816D76 /* Frameworks */ = {
			isa = PBXFrameworksBuildPhase;
			buildActionMask = 2147483647;
			files = (
				F37A8534226C2BE095CCE702 /* Pods_Demo.framework in Frameworks */,
			);
			runOnlyForDeploymentPostprocessing = 0;
		};
		9ED34E4121845E7200816D76 /* Frameworks */ = {
			isa = PBXFrameworksBuildPhase;
			buildActionMask = 2147483647;
			files = (
			);
			runOnlyForDeploymentPostprocessing = 0;
		};
		9ED34E4C21845E7200816D76 /* Frameworks */ = {
			isa = PBXFrameworksBuildPhase;
			buildActionMask = 2147483647;
			files = (
			);
			runOnlyForDeploymentPostprocessing = 0;
		};
/* End PBXFrameworksBuildPhase section */

/* Begin PBXGroup section */
		7B090A79FCA75849973ECEFD /* Pods */ = {
			isa = PBXGroup;
			children = (
				9EDDAAC24C090C38B0C276D3 /* Pods-Demo.debug.xcconfig */,
				D4FF109D8ACA1E876AB33BC8 /* Pods-Demo.release.xcconfig */,
			);
			name = Pods;
			sourceTree = "<group>";
		};
		9ED34E2721845E7100816D76 = {
			isa = PBXGroup;
			children = (
				9ED34E3221845E7100816D76 /* Demo */,
				9ED34E4721845E7200816D76 /* DemoTests */,
				9ED34E5221845E7200816D76 /* DemoUITests */,
				9ED34E3121845E7100816D76 /* Products */,
				7B090A79FCA75849973ECEFD /* Pods */,
				CB5CB780E88932087CD3064E /* Frameworks */,
			);
			sourceTree = "<group>";
		};
		9ED34E3121845E7100816D76 /* Products */ = {
			isa = PBXGroup;
			children = (
				9ED34E3021845E7100816D76 /* Demo.app */,
				9ED34E4421845E7200816D76 /* DemoTests.xctest */,
				9ED34E4F21845E7200816D76 /* DemoUITests.xctest */,
			);
			name = Products;
			sourceTree = "<group>";
		};
		9ED34E3221845E7100816D76 /* Demo */ = {
			isa = PBXGroup;
			children = (
				9ED34E3321845E7100816D76 /* AppDelegate.swift */,
				9ED34E3521845E7100816D76 /* ViewController.swift */,
				9ED34E3721845E7100816D76 /* Main.storyboard */,
				9ED34E3A21845E7200816D76 /* Assets.xcassets */,
				9ED34E3C21845E7200816D76 /* LaunchScreen.storyboard */,
				9ED34E3F21845E7200816D76 /* Info.plist */,
			);
			path = Demo;
			sourceTree = "<group>";
		};
		9ED34E4721845E7200816D76 /* DemoTests */ = {
			isa = PBXGroup;
			children = (
				9ED34E4821845E7200816D76 /* DemoTests.swift */,
				9ED34E4A21845E7200816D76 /* Info.plist */,
			);
			path = DemoTests;
			sourceTree = "<group>";
		};
		9ED34E5221845E7200816D76 /* DemoUITests */ = {
			isa = PBXGroup;
			children = (
				9ED34E5321845E7200816D76 /* DemoUITests.swift */,
				9ED34E5521845E7200816D76 /* Info.plist */,
			);
			path = DemoUITests;
			sourceTree = "<group>";
		};
		CB5CB780E88932087CD3064E /* Frameworks */ = {
			isa = PBXGroup;
			children = (
				1C3C1FC0FDD74F603A3E88FE /* Pods_Demo.framework */,
			);
			name = Frameworks;
			sourceTree = "<group>";
		};
/* End PBXGroup section */

/* Begin PBXNativeTarget section */
		9ED34E2F21845E7100816D76 /* Demo */ = {
			isa = PBXNativeTarget;
			buildConfigurationList = 9ED34E5821845E7200816D76 /* Build configuration list for PBXNativeTarget "Demo" */;
			buildPhases = (
				9D01BD71F14C3B8A20E5D18E /* [CP] Check Pods Manifest.lock */,
				9ED34E2C21845E7100816D76 /* Sources */,
				9ED34E2D21845E7100816D76 /* Frameworks */,
				9ED34E2E21845E7100816D76 /* Resources */,
				5C40319FF7113305D3C38321 /* [CP] Embed Pods Frameworks */,
			);
			buildRules = (
			);
			dependencies = (
			);
			name = Demo;
			productName = Demo;
			productReference = 9ED34E3021845E7100816D76 /* Demo.app */;
			productType = "com.apple.product-type.application";
		};
		9ED34E4321845E7200816D76 /* DemoTests */ = {
			isa = PBXNativeTarget;
			buildConfigurationList = 9ED34E5B21845E7200816D76 /* Build configuration list for PBXNativeTarget "DemoTests" */;
			buildPhases = (
				9ED34E4021845E7200816D76 /* Sources */,
				9ED34E4121845E7200816D76 /* Frameworks */,
				9ED34E4221845E7200816D76 /* Resources */,
			);
			buildRules = (
			);
			dependencies = (
				9ED34E4621845E7200816D76 /* PBXTargetDependency */,
			);
			name = DemoTests;
			productName = DemoTests;
			productReference = 9ED34E4421845E7200816D76 /* DemoTests.xctest */;
			productType = "com.apple.product-type.bundle.unit-test";
		};
		9ED34E4E21845E7200816D76 /* DemoUITests */ = {
			isa = PBXNativeTarget;
			buildConfigurationList = 9ED34E5E21845E7200816D76 /* Build configuration list for PBXNativeTarget "DemoUITests" */;
			buildPhases = (
				9ED34E4B21845E7200816D76 /* Sources */,
				9ED34E4C21845E7200816D76 /* Frameworks */,
				9ED34E4D21845E7200816D76 /* Resources */,
			);
			buildRules = (
			);
			dependencies = (
				9ED34E5121845E7200816D76 /* PBXTargetDependency */,
			);
			name = DemoUITests;
			productName = DemoUITests;
			productReference = 9ED34E4F21845E7200816D76 /* DemoUITests.xctest */;
			productType = "com.apple.product-type.bundle.ui-testing";
		};
/* End PBXNativeTarget section */

/* Begin PBXProject section */
		9ED34E2821845E7100816D76 /* Project object */ = {
			isa = PBXProject;
			attributes = {
				LastSwiftUpdateCheck = 0940;
				LastUpgradeCheck = 0940;
				ORGANIZATIONNAME = "Soulpage Machintosh 1";
				TargetAttributes = {
					9ED34E2F21845E7100816D76 = {
						CreatedOnToolsVersion = 9.4.1;
					};
					9ED34E4321845E7200816D76 = {
						CreatedOnToolsVersion = 9.4.1;
						TestTargetID = 9ED34E2F21845E7100816D76;
					};
					9ED34E4E21845E7200816D76 = {
						CreatedOnToolsVersion = 9.4.1;
						TestTargetID = 9ED34E2F21845E7100816D76;
					};
				};
			};
			buildConfigurationList = 9ED34E2B21845E7100816D76 /* Build configuration list for PBXProject "Demo" */;
			compatibilityVersion = "Xcode 9.3";
			developmentRegion = en;
			hasScannedForEncodings = 0;
			knownRegions = (
				en,
				Base,
			);
			mainGroup = 9ED34E2721845E7100816D76;
			productRefGroup = 9ED34E3121845E7100816D76 /* Products */;
			projectDirPath = "";
			projectRoot = "";
			targets = (
				9ED34E2F21845E7100816D76 /* Demo */,
				9ED34E4321845E7200816D76 /* DemoTests */,
				9ED34E4E21845E7200816D76 /* DemoUITests */,
			);
		};
/* End PBXProject section */

/* Begin PBXResourcesBuildPhase section */
		9ED34E2E21845E7100816D76 /* Resources */ = {
			isa = PBXResourcesBuildPhase;
			buildActionMask = 2147483647;
			files = (
				9ED34E3E21845E7200816D76 /* LaunchScreen.storyboard in Resources */,
				9ED34E3B21845E7200816D76 /* Assets.xcassets in Resources */,
				9ED34E3921845E7100816D76 /* Main.storyboard in Resources */,
			);
			runOnlyForDeploymentPostprocessing = 0;
		};
		9ED34E4221845E7200816D76 /* Resources */ = {
			isa = PBXResourcesBuildPhase;
			buildActionMask = 2147483647;
			files = (
			);
			runOnlyForDeploymentPostprocessing = 0;
		};
		9ED34E4D21845E7200816D76 /* Resources */ = {
			isa = PBXResourcesBuildPhase;
			buildActionMask = 2147483647;
			files = (
			);
			runOnlyForDeploymentPostprocessing = 0;
		};
/* End PBXResourcesBuildPhase section */

/* Begin PBXShellScriptBuildPhase section */
		5C40319FF7113305D3C38321 /* [CP] Embed Pods Frameworks */ = {
			isa = PBXShellScriptBuildPhase;
			buildActionMask = 2147483647;
			files = (
			);
			inputFileListPaths = (
			);
			inputPaths = (
				"${SRCROOT}/Pods/Target Support Files/Pods-Demo/Pods-Demo-frameworks.sh",
				"${BUILT_PRODUCTS_DIR}/SwiftyJSON/SwiftyJSON.framework",
			);
			name = "[CP] Embed Pods Frameworks";
			outputFileListPaths = (
			);
			outputPaths = (
				"${TARGET_BUILD_DIR}/${FRAMEWORKS_FOLDER_PATH}/SwiftyJSON.framework",
			);
			runOnlyForDeploymentPostprocessing = 0;
			shellPath = /bin/sh;
			shellScript = "\"${SRCROOT}/Pods/Target Support Files/Pods-Demo/Pods-Demo-frameworks.sh\"\n";
			showEnvVarsInLog = 0;
		};
		9D01BD71F14C3B8A20E5D18E /* [CP] Check Pods Manifest.lock */ = {
			isa = PBXShellScriptBuildPhase;
			buildActionMask = 2147483647;
			files = (
			);
			inputFileListPaths = (
			);
			inputPaths = (
				"${PODS_PODFILE_DIR_PATH}/Podfile.lock",
				"${PODS_ROOT}/Manifest.lock",
			);
			name = "[CP] Check Pods Manifest.lock";
			outputFileListPaths = (
			);
			outputPaths = (
				"$(DERIVED_FILE_DIR)/Pods-Demo-checkManifestLockResult.txt",
			);
			runOnlyForDeploymentPostprocessing = 0;
			shellPath = /bin/sh;
			shellScript = "diff \"${PODS_PODFILE_DIR_PATH}/Podfile.lock\" \"${PODS_ROOT}/Manifest.lock\" > /dev/null\nif [ $? != 0 ] ; then\n    # print error to STDERR\n    echo \"error: The sandbox is not in sync with the Podfile.lock. Run 'pod install' or update your CocoaPods installation.\" >&2\n    exit 1\nfi\n# This output is used by Xcode 'outputs' to avoid re-running this script phase.\necho \"SUCCESS\" > \"${SCRIPT_OUTPUT_FILE_0}\"\n";
			showEnvVarsInLog = 0;
		};
/* End PBXShellScriptBuildPhase section */

/* Begin PBXSourcesBuildPhase section */
		9ED34E2C21845E7100816D76 /* Sources */ = {
			isa = PBXSourcesBuildPhase;
			buildActionMask = 2147483647;
			files = (
				9ED34E3621845E7100816D76 /* ViewController.swift in Sources */,
				9ED34E3421845E7100816D76 /* AppDelegate.swift in Sources */,
			);
			runOnlyForDeploymentPostprocessing = 0;
		};
		9ED34E4021845E7200816D76 /* Sources */ = {
			isa = PBXSourcesBuildPhase;
			buildActionMask = 2147483647;
			files = (
				9ED34E4921845E7200816D76 /* DemoTests.swift in Sources */,
			);
			runOnlyForDeploymentPostprocessing = 0;
		};
		9ED34E4B21845E7200816D76 /* Sources */ = {
			isa = PBXSourcesBuildPhase;
			buildActionMask = 2147483647;
			files = (
				9ED34E5421845E7200816D76 /* DemoUITests.swift in Sources */,
			);
			runOnlyForDeploymentPostprocessing = 0;
		};
/* End PBXSourcesBuildPhase section */

/* Begin PBXTargetDependency section */
		9ED34E4621845E7200816D76 /* PBXTargetDependency */ = {
			isa = PBXTargetDependency;
			target = 9ED34E2F21845E7100816D76 /* Demo */;
			targetProxy = 9ED34E4521845E7200816D76 /* PBXContainerItemProxy */;
		};
		9ED34E5121845E7200816D76 /* PBXTargetDependency */ = {
			isa = PBXTargetDependency;
			target = 9ED34E2F21845E7100816D76 /* Demo */;
			targetProxy = 9ED34E5021845E7200816D76 /* PBXContainerItemProxy */;
		};
/* End PBXTargetDependency section */

/* Begin PBXVariantGroup section */
		9ED34E3721845E7100816D76 /* Main.storyboard */ = {
			isa = PBXVariantGroup;
			children = (
				9ED34E3821845E7100816D76 /* Base */,
			);
			name = Main.storyboard;
			sourceTree = "<group>";
		};
		9ED34E3C21845E7200816D76 /* LaunchScreen.storyboard */ = {
			isa = PBXVariantGroup;
			children = (
				9ED34E3D21845E7200816D76 /* Base */,
			);
			name = LaunchScreen.storyboard;
			sourceTree = "<group>";
		};
/* End PBXVariantGroup section */

/* Begin XCBuildConfiguration section */
		9ED34E5621845E7200816D76 /* Debug */ = {
			isa = XCBuildConfiguration;
			buildSettings = {
				ALWAYS_SEARCH_USER_PATHS = NO;
				CLANG_ANALYZER_NONNULL = YES;
				CLANG_ANALYZER_NUMBER_OBJECT_CONVERSION = YES_AGGRESSIVE;
				CLANG_CXX_LANGUAGE_STANDARD = "gnu++14";
				CLANG_CXX_LIBRARY = "libc++";
				CLANG_ENABLE_MODULES = YES;
				CLANG_ENABLE_OBJC_ARC = YES;
				CLANG_ENABLE_OBJC_WEAK = YES;
				CLANG_WARN_BLOCK_CAPTURE_AUTORELEASING = YES;
				CLANG_WARN_BOOL_CONVERSION = YES;
				CLANG_WARN_COMMA = YES;
				CLANG_WARN_CONSTANT_CONVERSION = YES;
				CLANG_WARN_DEPRECATED_OBJC_IMPLEMENTATIONS = YES;
				CLANG_WARN_DIRECT_OBJC_ISA_USAGE = YES_ERROR;
				CLANG_WARN_DOCUMENTATION_COMMENTS = YES;
				CLANG_WARN_EMPTY_BODY = YES;
				CLANG_WARN_ENUM_CONVERSION = YES;
				CLANG_WARN_INFINITE_RECURSION = YES;
				CLANG_WARN_INT_CONVERSION = YES;
				CLANG_WARN_NON_LITERAL_NULL_CONVERSION = YES;
				CLANG_WARN_OBJC_IMPLICIT_RETAIN_SELF = YES;
				CLANG_WARN_OBJC_LITERAL_CONVERSION = YES;
				CLANG_WARN_OBJC_ROOT_CLASS = YES_ERROR;
				CLANG_WARN_RANGE_LOOP_ANALYSIS = YES;
				CLANG_WARN_STRICT_PROTOTYPES = YES;
				CLANG_WARN_SUSPICIOUS_MOVE = YES;
				CLANG_WARN_UNGUARDED_AVAILABILITY = YES_AGGRESSIVE;
				CLANG_WARN_UNREACHABLE_CODE = YES;
				CLANG_WARN__DUPLICATE_METHOD_MATCH = YES;
				CODE_SIGN_IDENTITY = "iPhone Developer";
				COPY_PHASE_STRIP = NO;
				DEBUG_INFORMATION_FORMAT = dwarf;
				ENABLE_STRICT_OBJC_MSGSEND = YES;
				ENABLE_TESTABILITY = YES;
				GCC_C_LANGUAGE_STANDARD = gnu11;
				GCC_DYNAMIC_NO_PIC = NO;
				GCC_NO_COMMON_BLOCKS = YES;
				GCC_OPTIMIZATION_LEVEL = 0;
				GCC_PREPROCESSOR_DEFINITIONS = (
					"DEBUG=1",
					"$(inherited)",
				);
				GCC_WARN_64_TO_32_BIT_CONVERSION = YES;
				GCC_WARN_ABOUT_RETURN_TYPE = YES_ERROR;
				GCC_WARN_UNDECLARED_SELECTOR = YES;
				GCC_WARN_UNINITIALIZED_AUTOS = YES_AGGRESSIVE;
				GCC_WARN_UNUSED_FUNCTION = YES;
				GCC_WARN_UNUSED_VARIABLE = YES;
				IPHONEOS_DEPLOYMENT_TARGET = 11.4;
				MTL_ENABLE_DEBUG_INFO = YES;
				ONLY_ACTIVE_ARCH = YES;
				SDKROOT = iphoneos;
				SWIFT_ACTIVE_COMPILATION_CONDITIONS = DEBUG;
				SWIFT_OPTIMIZATION_LEVEL = "-Onone";
			};
			name = Debug;
		};
		9ED34E5721845E7200816D76 /* Release */ = {
			isa = XCBuildConfiguration;
			buildSettings = {
				ALWAYS_SEARCH_USER_PATHS = NO;
				CLANG_ANALYZER_NONNULL = YES;
				CLANG_ANALYZER_NUMBER_OBJECT_CONVERSION = YES_AGGRESSIVE;
				CLANG_CXX_LANGUAGE_STANDARD = "gnu++14";
				CLANG_CXX_LIBRARY = "libc++";
				CLANG_ENABLE_MODULES = YES;
				CLANG_ENABLE_OBJC_ARC = YES;
				CLANG_ENABLE_OBJC_WEAK = YES;
				CLANG_WARN_BLOCK_CAPTURE_AUTORELEASING = YES;
				CLANG_WARN_BOOL_CONVERSION = YES;
				CLANG_WARN_COMMA = YES;
				CLANG_WARN_CONSTANT_CONVERSION = YES;
				CLANG_WARN_DEPRECATED_OBJC_IMPLEMENTATIONS = YES;
				CLANG_WARN_DIRECT_OBJC_ISA_USAGE = YES_ERROR;
				CLANG_WARN_DOCUMENTATION_COMMENTS = YES;
				CLANG_WARN_EMPTY_BODY = YES;
				CLANG_WARN_ENUM_CONVERSION = YES;
				CLANG_WARN_INFINITE_RECURSION = YES;
				CLANG_WARN_INT_CONVERSION = YES;
				CLANG_WARN_NON_LITERAL_NULL_CONVERSION = YES;
				CLANG_WARN_OBJC_IMPLICIT_RETAIN_SELF = YES;
				CLANG_WARN_OBJC_LITERAL_CONVERSION = YES;
				CLANG_WARN_OBJC_ROOT_CLASS = YES_ERROR;
				CLANG_WARN_RANGE_LOOP_ANALYSIS = YES;
				CLANG_WARN_STRICT_PROTOTYPES = YES;
				CLANG_WARN_SUSPICIOUS_MOVE = YES;
				CLANG_WARN_UNGUARDED_AVAILABILITY = YES_AGGRESSIVE;
				CLANG_WARN_UNREACHABLE_CODE = YES;
				CLANG_WARN__DUPLICATE_METHOD_MATCH = YES;
				CODE_SIGN_IDENTITY = "iPhone Developer";
				COPY_PHASE_STRIP = NO;
				DEBUG_INFORMATION_FORMAT = "dwarf-with-dsym";
				ENABLE_NS_ASSERTIONS = NO;
				ENABLE_STRICT_OBJC_MSGSEND = YES;
				GCC_C_LANGUAGE_STANDARD = gnu11;
				GCC_NO_COMMON_BLOCKS = YES;
				GCC_WARN_64_TO_32_BIT_CONVERSION = YES;
				GCC_WARN_ABOUT_RETURN_TYPE = YES_ERROR;
				GCC_WARN_UNDECLARED_SELECTOR = YES;
				GCC_WARN_UNINITIALIZED_AUTOS = YES_AGGRESSIVE;
				GCC_WARN_UNUSED_FUNCTION = YES;
				GCC_WARN_UNUSED_VARIABLE = YES;
				IPHONEOS_DEPLOYMENT_TARGET = 11.4;
				MTL_ENABLE_DEBUG_INFO = NO;
				SDKROOT = iphoneos;
				SWIFT_COMPILATION_MODE = wholemodule;
				SWIFT_OPTIMIZATION_LEVEL = "-O";
				VALIDATE_PRODUCT = YES;
			};
			name = Release;
		};
		9ED34E5921845E7200816D76 /* Debug */ = {
			isa = XCBuildConfiguration;
			baseConfigurationReference = 9EDDAAC24C090C38B0C276D3 /* Pods-Demo.debug.xcconfig */;
			buildSettings = {
				ASSETCATALOG_COMPILER_APPICON_NAME = AppIcon;
				CODE_SIGN_STYLE = Automatic;
				INFOPLIST_FILE = Demo/Info.plist;
				LD_RUNPATH_SEARCH_PATHS = (
					"$(inherited)",
					"@executable_path/Frameworks",
				);
				PRODUCT_BUNDLE_IDENTIFIER = com.soulpage.Demo;
				PRODUCT_NAME = "$(TARGET_NAME)";
				SWIFT_VERSION = 4.0;
				TARGETED_DEVICE_FAMILY = "1,2";
			};
			name = Debug;
		};
		9ED34E5A21845E7200816D76 /* Release */ = {
			isa = XCBuildConfiguration;
			baseConfigurationReference = D4FF109D8ACA1E876AB33BC8 /* Pods-Demo.release.xcconfig */;
			buildSettings = {
				ASSETCATALOG_COMPILER_APPICON_NAME = AppIcon;
				CODE_SIGN_STYLE = Automatic;
				INFOPLIST_FILE = Demo/Info.plist;
				LD_RUNPATH_SEARCH_PATHS = (
					"$(inherited)",
					"@executable_path/Frameworks",
				);
				PRODUCT_BUNDLE_IDENTIFIER = com.soulpage.Demo;
				PRODUCT_NAME = "$(TARGET_NAME)";
				SWIFT_VERSION = 4.0;
				TARGETED_DEVICE_FAMILY = "1,2";
			};
			name = Release;
		};
		9ED34E5C21845E7200816D76 /* Debug */ = {
			isa = XCBuildConfiguration;
			buildSettings = {
				ALWAYS_EMBED_SWIFT_STANDARD_LIBRARIES = YES;
				BUNDLE_LOADER = "$(TEST_HOST)";
				CODE_SIGN_STYLE = Automatic;
				INFOPLIST_FILE = DemoTests/Info.plist;
				LD_RUNPATH_SEARCH_PATHS = (
					"$(inherited)",
					"@executable_path/Frameworks",
					"@loader_path/Frameworks",
				);
				PRODUCT_BUNDLE_IDENTIFIER = com.soulpage.DemoTests;
				PRODUCT_NAME = "$(TARGET_NAME)";
				SWIFT_VERSION = 4.0;
				TARGETED_DEVICE_FAMILY = "1,2";
				TEST_HOST = "$(BUILT_PRODUCTS_DIR)/Demo.app/Demo";
			};
			name = Debug;
		};
		9ED34E5D21845E7200816D76 /* Release */ = {
			isa = XCBuildConfiguration;
			buildSettings = {
				ALWAYS_EMBED_SWIFT_STANDARD_LIBRARIES = YES;
				BUNDLE_LOADER = "$(TEST_HOST)";
				CODE_SIGN_STYLE = Automatic;
				INFOPLIST_FILE = DemoTests/Info.plist;
				LD_RUNPATH_SEARCH_PATHS = (
					"$(inherited)",
					"@executable_path/Frameworks",
					"@loader_path/Frameworks",
				);
				PRODUCT_BUNDLE_IDENTIFIER = com.soulpage.DemoTests;
				PRODUCT_NAME = "$(TARGET_NAME)";
				SWIFT_VERSION = 4.0;
				TARGETED_DEVICE_FAMILY = "1,2";
				TEST_HOST = "$(BUILT_PRODUCTS_DIR)/Demo.app/Demo";
			};
			name = Release;
		};
		9ED34E5F21845E7200816D76 /* Debug */ = {
			isa = XCBuildConfiguration;
			buildSettings = {
				ALWAYS_EMBED_SWIFT_STANDARD_LIBRARIES = YES;
				CODE_SIGN_STYLE = Automatic;
				INFOPLIST_FILE = DemoUITests/Info.plist;
				LD_RUNPATH_SEARCH_PATHS = (
					"$(inherited)",
					"@executable_path/Frameworks",
					"@loader_path/Frameworks",
				);
				PRODUCT_BUNDLE_IDENTIFIER = com.soulpage.DemoUITests;
				PRODUCT_NAME = "$(TARGET_NAME)";
				SWIFT_VERSION = 4.0;
				TARGETED_DEVICE_FAMILY = "1,2";
				TEST_TARGET_NAME = Demo;
			};
			name = Debug;
		};
		9ED34E6021845E7200816D76 /* Release */ = {
			isa = XCBuildConfiguration;
			buildSettings = {
				ALWAYS_EMBED_SWIFT_STANDARD_LIBRARIES = YES;
				CODE_SIGN_STYLE = Automatic;
				INFOPLIST_FILE = DemoUITests/Info.plist;
				LD_RUNPATH_SEARCH_PATHS = (
					"$(inherited)",
					"@executable_path/Frameworks",
					"@loader_path/Frameworks",
				);
				PRODUCT_BUNDLE_IDENTIFIER = com.soulpage.DemoUITests;
				PRODUCT_NAME = "$(TARGET_NAME)";
				SWIFT_VERSION = 4.0;
				TARGETED_DEVICE_FAMILY = "1,2";
				TEST_TARGET_NAME = Demo;
			};
			name = Release;
		};
/* End XCBuildConfiguration section */

/* Begin XCConfigurationList section */
		9ED34E2B21845E7100816D76 /* Build configuration list for PBXProject "Demo" */ = {
			isa = XCConfigurationList;
			buildConfigurations = (
				9ED34E5621845E7200816D76 /* Debug */,
				9ED34E5721845E7200816D76 /* Release */,
			);
			defaultConfigurationIsVisible = 0;
			defaultConfigurationName = Release;
		};
		9ED34E5821845E7200816D76 /* Build configuration list for PBXNativeTarget "Demo" */ = {
			isa = XCConfigurationList;
			buildConfigurations = (
				9ED34E5921845E7200816D76 /* Debug */,
				9ED34E5A21845E7200816D76 /* Release */,
			);
			defaultConfigurationIsVisible = 0;
			defaultConfigurationName = Release;
		};
		9ED34E5B21845E7200816D76 /* Build configuration list for PBXNativeTarget "DemoTests" */ = {
			isa = XCConfigurationList;
			buildConfigurations = (
				9ED34E5C21845E7200816D76 /* Debug */,
				9ED34E5D21845E7200816D76 /* Release */,
			);
			defaultConfigurationIsVisible = 0;
			defaultConfigurationName = Release;
		};
		9ED34E5E21845E7200816D76 /* Build configuration list for PBXNativeTarget "DemoUITests" */ = {
			isa = XCConfigurationList;
			buildConfigurations = (
				9ED34E5F21845E7200816D76 /* Debug */,
				9ED34E6021845E7200816D76 /* Release */,
			);
			defaultConfigurationIsVisible = 0;
			defaultConfigurationName = Release;
		};
/* End XCConfigurationList section */
	};
	rootObject = 9ED34E2821845E7100816D76 /* Project object */;
}
